
Microsoft Visual Studio Solution File, Format Version 12.00
# Visual Studio 2017
Project("{FAE04EC0-301F-11D3-BF4B-00C04F79EFBC}") = "CedarKart.Plugins", "CedarKart.Plugins.csproj", "{4DAA6D4E-1137-8F52-5CC5-BBA740A1DB51}"
EndProject
Project("{FAE04EC0-301F-11D3-BF4B-00C04F79EFBC}") = "CedarKart", "CedarKart.csproj", "{84BF9D4A-8039-F14B-29EA-66A773F5BFBA}"
EndProject
Global
	GlobalSection(SolutionConfigurationPlatforms) = preSolution
		Debug|Any CPU = Debug|Any CPU
		Release|Any CPU = Release|Any CPU
	EndGlobalSection
	GlobalSection(ProjectConfigurationPlatforms) = postSolution
		{4DAA6D4E-1137-8F52-5CC5-BBA740A1DB51}.Debug|Any CPU.ActiveCfg = Debug|Any CPU
		{4DAA6D4E-1137-8F52-5CC5-BBA740A1DB51}.Debug|Any CPU.Build.0 = Debug|Any CPU
		{4DAA6D4E-1137-8F52-5CC5-BBA740A1DB51}.Release|Any CPU.ActiveCfg = Release|Any CPU
		{4DAA6D4E-1137-8F52-5CC5-BBA740A1DB51}.Release|Any CPU.Build.0 = Release|Any CPU
		{84BF9D4A-8039-F14B-29EA-66A773F5BFBA}.Debug|Any CPU.ActiveCfg = Debug|Any CPU
		{84BF9D4A-8039-F14B-29EA-66A773F5BFBA}.Debug|Any CPU.Build.0 = Debug|Any CPU
		{84BF9D4A-8039-F14B-29EA-66A773F5BFBA}.Release|Any CPU.ActiveCfg = Release|Any CPU
		{84BF9D4A-8039-F14B-29EA-66A773F5BFBA}.Release|Any CPU.Build.0 = Release|Any CPU
	EndGlobalSection
	GlobalSection(SolutionProperties) = preSolution
		HideSolutionNode = FALSE
	EndGlobalSection
EndGlobal
